// !$*UTF8*$!
{
	archiveVersion = 1;
	classes = {
	};
	objectVersion = 77;
	objects = {

/* Begin PBXContainerItemProxy section */
		ED8E7DB02CA106B500559F66 /* PBXContainerItemProxy */ = {
			isa = PBXContainerItemProxy;
			containerPortal = ED8E7D952CA106B400559F66 /* Project object */;
			proxyType = 1;
			remoteGlobalIDString = ED8E7D9C2CA106B400559F66;
			remoteInfo = Tetorinu;
		};
		ED8E7DBA2CA106B500559F66 /* PBXContainerItemProxy */ = {
			isa = PBXContainerItemProxy;
			containerPortal = ED8E7D952CA106B400559F66 /* Project object */;
			proxyType = 1;
			remoteGlobalIDString = ED8E7D9C2CA106B400559F66;
			remoteInfo = Tetorinu;
		};
/* End PBXContainerItemProxy section */

/* Begin PBXFileReference section */
		ED8E7D9D2CA106B400559F66 /* Tetorinu.app */ = {isa = PBXFileReference; explicitFileType = wrapper.application; includeInIndex = 0; path = Tetorinu.app; sourceTree = BUILT_PRODUCTS_DIR; };
		ED8E7DAF2CA106B500559F66 /* TetorinuTests.xctest */ = {isa = PBXFileReference; explicitFileType = wrapper.cfbundle; includeInIndex = 0; path = TetorinuTests.xctest; sourceTree = BUILT_PRODUCTS_DIR; };
		ED8E7DB92CA106B500559F66 /* TetorinuUITests.xctest */ = {isa = PBXFileReference; explicitFileType = wrapper.cfbundle; includeInIndex = 0; path = TetorinuUITests.xctest; sourceTree = BUILT_PRODUCTS_DIR; };
/* End PBXFileReference section */

/* Begin PBXFileSystemSynchronizedRootGroup section */
		ED8E7D9F2CA106B400559F66 /* Tetorinu */ = {
			isa = PBXFileSystemSynchronizedRootGroup;
			path = Tetorinu;
			sourceTree = "<group>";
		};
		ED8E7DB22CA106B500559F66 /* TetorinuTests */ = {
			isa = PBXFileSystemSynchronizedRootGroup;
			path = TetorinuTests;
			sourceTree = "<group>";
		};
		ED8E7DBC2CA106B500559F66 /* TetorinuUITests */ = {
			isa = PBXFileSystemSynchronizedRootGroup;
			path = TetorinuUITests;
			sourceTree = "<group>";
		};
/* End PBXFileSystemSynchronizedRootGroup section */

/* Begin PBXFrameworksBuildPhase section */
		ED8E7D9A2CA106B400559F66 /* Frameworks */ = {
			isa = PBXFrameworksBuildPhase;
			buildActionMask = 2147483647;
			files = (
			);
			runOnlyForDeploymentPostprocessing = 0;
		};
		ED8E7DAC2CA106B500559F66 /* Frameworks */ = {
			isa = PBXFrameworksBuildPhase;
			buildActionMask = 2147483647;
			files = (
			);
			runOnlyForDeploymentPostprocessing = 0;
		};
		ED8E7DB62CA106B500559F66 /* Frameworks */ = {
			isa = PBXFrameworksBuildPhase;
			buildActionMask = 2147483647;
			files = (
			);
			runOnlyForDeploymentPostprocessing = 0;
		};
/* End PBXFrameworksBuildPhase section */

/* Begin PBXGroup section */
		ED8E7D942CA106B400559F66 = {
			isa = PBXGroup;
			children = (
				ED8E7D9F2CA106B400559F66 /* Tetorinu */,
				ED8E7DB22CA106B500559F66 /* TetorinuTests */,
				ED8E7DBC2CA106B500559F66 /* TetorinuUITests */,
				ED8E7D9E2CA106B400559F66 /* Products */,
			);
			sourceTree = "<group>";
		};
		ED8E7D9E2CA106B400559F66 /* Products */ = {
			isa = PBXGroup;
			children = (
				ED8E7D9D2CA106B400559F66 /* Tetorinu.app */,
				ED8E7DAF2CA106B500559F66 /* TetorinuTests.xctest */,
				ED8E7DB92CA106B500559F66 /* TetorinuUITests.xctest */,
			);
			name = Products;
			sourceTree = "<group>";
		};
/* End PBXGroup section */

/* Begin PBXNativeTarget section */
		ED8E7D9C2CA106B400559F66 /* Tetorinu */ = {
			isa = PBXNativeTarget;
			buildConfigurationList = ED8E7DC32CA106B500559F66 /* Build configuration list for PBXNativeTarget "Tetorinu" */;
			buildPhases = (
				ED8E7D992CA106B400559F66 /* Sources */,
				ED8E7D9A2CA106B400559F66 /* Frameworks */,
				ED8E7D9B2CA106B400559F66 /* Resources */,
			);
			buildRules = (
			);
			dependencies = (
			);
			fileSystemSynchronizedGroups = (
				ED8E7D9F2CA106B400559F66 /* Tetorinu */,
			);
			name = Tetorinu;
			packageProductDependencies = (
			);
			productName = Tetorinu;
			productReference = ED8E7D9D2CA106B400559F66 /* Tetorinu.app */;
			productType = "com.apple.product-type.application";
		};
		ED8E7DAE2CA106B500559F66 /* TetorinuTests */ = {
			isa = PBXNativeTarget;
			buildConfigurationList = ED8E7DC62CA106B500559F66 /* Build configuration list for PBXNativeTarget "TetorinuTests" */;
			buildPhases = (
				ED8E7DAB2CA106B500559F66 /* Sources */,
				ED8E7DAC2CA106B500559F66 /* Frameworks */,
				ED8E7DAD2CA106B500559F66 /* Resources */,
			);
			buildRules = (
			);
			dependencies = (
				ED8E7DB12CA106B500559F66 /* PBXTargetDependency */,
			);
			fileSystemSynchronizedGroups = (
				ED8E7DB22CA106B500559F66 /* TetorinuTests */,
			);
			name = TetorinuTests;
			packageProductDependencies = (
			);
			productName = TetorinuTests;
			productReference = ED8E7DAF2CA106B500559F66 /* TetorinuTests.xctest */;
			productType = "com.apple.product-type.bundle.unit-test";
		};
		ED8E7DB82CA106B500559F66 /* TetorinuUITests */ = {
			isa = PBXNativeTarget;
			buildConfigurationList = ED8E7DC92CA106B500559F66 /* Build configuration list for PBXNativeTarget "TetorinuUITests" */;
			buildPhases = (
				ED8E7DB52CA106B500559F66 /* Sources */,
				ED8E7DB62CA106B500559F66 /* Frameworks */,
				ED8E7DB72CA106B500559F66 /* Resources */,
			);
			buildRules = (
			);
			dependencies = (
				ED8E7DBB2CA106B500559F66 /* PBXTargetDependency */,
			);
			fileSystemSynchronizedGroups = (
				ED8E7DBC2CA106B500559F66 /* TetorinuUITests */,
			);
			name = TetorinuUITests;
			packageProductDependencies = (
			);
			productName = TetorinuUITests;
			productReference = ED8E7DB92CA106B500559F66 /* TetorinuUITests.xctest */;
			productType = "com.apple.product-type.bundle.ui-testing";
		};
/* End PBXNativeTarget section */

/* Begin PBXProject section */
		ED8E7D952CA106B400559F66 /* Project object */ = {
			isa = PBXProject;
			attributes = {
				BuildIndependentTargetsInParallel = 1;
				LastSwiftUpdateCheck = 1600;
				LastUpgradeCheck = 1600;
				TargetAttributes = {
					ED8E7D9C2CA106B400559F66 = {
						CreatedOnToolsVersion = 16.0;
					};
					ED8E7DAE2CA106B500559F66 = {
						CreatedOnToolsVersion = 16.0;
						TestTargetID = ED8E7D9C2CA106B400559F66;
					};
					ED8E7DB82CA106B500559F66 = {
						CreatedOnToolsVersion = 16.0;
						TestTargetID = ED8E7D9C2CA106B400559F66;
					};
				};
			};
			buildConfigurationList = ED8E7D982CA106B400559F66 /* Build configuration list for PBXProject "Tetorinu" */;
			developmentRegion = en;
			hasScannedForEncodings = 0;
			knownRegions = (
				en,
				Base,
			);
			mainGroup = ED8E7D942CA106B400559F66;
			minimizedProjectReferenceProxies = 1;
			preferredProjectObjectVersion = 77;
			productRefGroup = ED8E7D9E2CA106B400559F66 /* Products */;
			projectDirPath = "";
			projectRoot = "";
			targets = (
				ED8E7D9C2CA106B400559F66 /* Tetorinu */,
				ED8E7DAE2CA106B500559F66 /* TetorinuTests */,
				ED8E7DB82CA106B500559F66 /* TetorinuUITests */,
			);
		};
/* End PBXProject section */

/* Begin PBXResourcesBuildPhase section */
		ED8E7D9B2CA106B400559F66 /* Resources */ = {
			isa = PBXResourcesBuildPhase;
			buildActionMask = 2147483647;
			files = (
			);
			runOnlyForDeploymentPostprocessing = 0;
		};
		ED8E7DAD2CA106B500559F66 /* Resources */ = {
			isa = PBXResourcesBuildPhase;
			buildActionMask = 2147483647;
			files = (
			);
			runOnlyForDeploymentPostprocessing = 0;
		};
		ED8E7DB72CA106B500559F66 /* Resources */ = {
			isa = PBXResourcesBuildPhase;
			buildActionMask = 2147483647;
			files = (
			);
			runOnlyForDeploymentPostprocessing = 0;
		};
/* End PBXResourcesBuildPhase section */

/* Begin PBXSourcesBuildPhase section */
		ED8E7D992CA106B400559F66 /* Sources */ = {
			isa = PBXSourcesBuildPhase;
			buildActionMask = 2147483647;
			files = (
			);
			runOnlyForDeploymentPostprocessing = 0;
		};
		ED8E7DAB2CA106B500559F66 /* Sources */ = {
			isa = PBXSourcesBuildPhase;
			buildActionMask = 2147483647;
			files = (
			);
			runOnlyForDeploymentPostprocessing = 0;
		};
		ED8E7DB52CA106B500559F66 /* Sources */ = {
			isa = PBXSourcesBuildPhase;
			buildActionMask = 2147483647;
			files = (
			);
			runOnlyForDeploymentPostprocessing = 0;
		};
/* End PBXSourcesBuildPhase section */

/* Begin PBXTargetDependency section */
		ED8E7DB12CA106B500559F66 /* PBXTargetDependency */ = {
			isa = PBXTargetDependency;
			target = ED8E7D9C2CA106B400559F66 /* Tetorinu */;
			targetProxy = ED8E7DB02CA106B500559F66 /* PBXContainerItemProxy */;
		};
		ED8E7DBB2CA106B500559F66 /* PBXTargetDependency */ = {
			isa = PBXTargetDependency;
			target = ED8E7D9C2CA106B400559F66 /* Tetorinu */;
			targetProxy = ED8E7DBA2CA106B500559F66 /* PBXContainerItemProxy */;
		};
/* End PBXTargetDependency section */

/* Begin XCBuildConfiguration section */
		ED8E7DC12CA106B500559F66 /* Debug */ = {
			isa = XCBuildConfiguration;
			buildSettings = {
				ALWAYS_SEARCH_USER_PATHS = NO;
				ASSETCATALOG_COMPILER_GENERATE_SWIFT_ASSET_SYMBOL_EXTENSIONS = YES;
				CLANG_ANALYZER_NONNULL = YES;
				CLANG_ANALYZER_NUMBER_OBJECT_CONVERSION = YES_AGGRESSIVE;
				CLANG_CXX_LANGUAGE_STANDARD = "gnu++20";
				CLANG_ENABLE_MODULES = YES;
				CLANG_ENABLE_OBJC_ARC = YES;
				CLANG_ENABLE_OBJC_WEAK = YES;
				CLANG_WARN_BLOCK_CAPTURE_AUTORELEASING = YES;
				CLANG_WARN_BOOL_CONVERSION = YES;
				CLANG_WARN_COMMA = YES;
				CLANG_WARN_CONSTANT_CONVERSION = YES;
				CLANG_WARN_DEPRECATED_OBJC_IMPLEMENTATIONS = YES;
				CLANG_WARN_DIRECT_OBJC_ISA_USAGE = YES_ERROR;
				CLANG_WARN_DOCUMENTATION_COMMENTS = YES;
				CLANG_WARN_EMPTY_BODY = YES;
				CLANG_WARN_ENUM_CONVERSION = YES;
				CLANG_WARN_INFINITE_RECURSION = YES;
				CLANG_WARN_INT_CONVERSION = YES;
				CLANG_WARN_NON_LITERAL_NULL_CONVERSION = YES;
				CLANG_WARN_OBJC_IMPLICIT_RETAIN_SELF = YES;
				CLANG_WARN_OBJC_LITERAL_CONVERSION = YES;
				CLANG_WARN_OBJC_ROOT_CLASS = YES_ERROR;
				CLANG_WARN_QUOTED_INCLUDE_IN_FRAMEWORK_HEADER = YES;
				CLANG_WARN_RANGE_LOOP_ANALYSIS = YES;
				CLANG_WARN_STRICT_PROTOTYPES = YES;
				CLANG_WARN_SUSPICIOUS_MOVE = YES;
				CLANG_WARN_UNGUARDED_AVAILABILITY = YES_AGGRESSIVE;
				CLANG_WARN_UNREACHABLE_CODE = YES;
				CLANG_WARN__DUPLICATE_METHOD_MATCH = YES;
				COPY_PHASE_STRIP = NO;
				DEBUG_INFORMATION_FORMAT = dwarf;
				ENABLE_STRICT_OBJC_MSGSEND = YES;
				ENABLE_TESTABILITY = YES;
				ENABLE_USER_SCRIPT_SANDBOXING = YES;
				GCC_C_LANGUAGE_STANDARD = gnu17;
				GCC_DYNAMIC_NO_PIC = NO;
				GCC_NO_COMMON_BLOCKS = YES;
				GCC_OPTIMIZATION_LEVEL = 0;
				GCC_PREPROCESSOR_DEFINITIONS = (
					"DEBUG=1",
					"$(inherited)",
				);
				GCC_WARN_64_TO_32_BIT_CONVERSION = YES;
				GCC_WARN_ABOUT_RETURN_TYPE = YES_ERROR;
				GCC_WARN_UNDECLARED_SELECTOR = YES;
				GCC_WARN_UNINITIALIZED_AUTOS = YES_AGGRESSIVE;
				GCC_WARN_UNUSED_FUNCTION = YES;
				GCC_WARN_UNUSED_VARIABLE = YES;
				IPHONEOS_DEPLOYMENT_TARGET = 18.0;
				LOCALIZATION_PREFERS_STRING_CATALOGS = YES;
				MTL_ENABLE_DEBUG_INFO = INCLUDE_SOURCE;
				MTL_FAST_MATH = YES;
				ONLY_ACTIVE_ARCH = YES;
				SDKROOT = iphoneos;
				SWIFT_ACTIVE_COMPILATION_CONDITIONS = "DEBUG $(inherited)";
				SWIFT_OPTIMIZATION_LEVEL = "-Onone";
			};
			name = Debug;
		};
		ED8E7DC22CA106B500559F66 /* Release */ = {
			isa = XCBuildConfiguration;
			buildSettings = {
				ALWAYS_SEARCH_USER_PATHS = NO;
				ASSETCATALOG_COMPILER_GENERATE_SWIFT_ASSET_SYMBOL_EXTENSIONS = YES;
				CLANG_ANALYZER_NONNULL = YES;
				CLANG_ANALYZER_NUMBER_OBJECT_CONVERSION = YES_AGGRESSIVE;
				CLANG_CXX_LANGUAGE_STANDARD = "gnu++20";
				CLANG_ENABLE_MODULES = YES;
				CLANG_ENABLE_OBJC_ARC = YES;
				CLANG_ENABLE_OBJC_WEAK = YES;
				CLANG_WARN_BLOCK_CAPTURE_AUTORELEASING = YES;
				CLANG_WARN_BOOL_CONVERSION = YES;
				CLANG_WARN_COMMA = YES;
				CLANG_WARN_CONSTANT_CONVERSION = YES;
				CLANG_WARN_DEPRECATED_OBJC_IMPLEMENTATIONS = YES;
				CLANG_WARN_DIRECT_OBJC_ISA_USAGE = YES_ERROR;
				CLANG_WARN_DOCUMENTATION_COMMENTS = YES;
				CLANG_WARN_EMPTY_BODY = YES;
				CLANG_WARN_ENUM_CONVERSION = YES;
				CLANG_WARN_INFINITE_RECURSION = YES;
				CLANG_WARN_INT_CONVERSION = YES;
				CLANG_WARN_NON_LITERAL_NULL_CONVERSION = YES;
				CLANG_WARN_OBJC_IMPLICIT_RETAIN_SELF = YES;
				CLANG_WARN_OBJC_LITERAL_CONVERSION = YES;
				CLANG_WARN_OBJC_ROOT_CLASS = YES_ERROR;
				CLANG_WARN_QUOTED_INCLUDE_IN_FRAMEWORK_HEADER = YES;
				CLANG_WARN_RANGE_LOOP_ANALYSIS = YES;
				CLANG_WARN_STRICT_PROTOTYPES = YES;
				CLANG_WARN_SUSPICIOUS_MOVE = YES;
				CLANG_WARN_UNGUARDED_AVAILABILITY = YES_AGGRESSIVE;
				CLANG_WARN_UNREACHABLE_CODE = YES;
				CLANG_WARN__DUPLICATE_METHOD_MATCH = YES;
				COPY_PHASE_STRIP = NO;
				DEBUG_INFORMATION_FORMAT = "dwarf-with-dsym";
				ENABLE_NS_ASSERTIONS = NO;
				ENABLE_STRICT_OBJC_MSGSEND = YES;
				ENABLE_USER_SCRIPT_SANDBOXING = YES;
				GCC_C_LANGUAGE_STANDARD = gnu17;
				GCC_NO_COMMON_BLOCKS = YES;
				GCC_WARN_64_TO_32_BIT_CONVERSION = YES;
				GCC_WARN_ABOUT_RETURN_TYPE = YES_ERROR;
				GCC_WARN_UNDECLARED_SELECTOR = YES;
				GCC_WARN_UNINITIALIZED_AUTOS = YES_AGGRESSIVE;
				GCC_WARN_UNUSED_FUNCTION = YES;
				GCC_WARN_UNUSED_VARIABLE = YES;
				IPHONEOS_DEPLOYMENT_TARGET = 18.0;
				LOCALIZATION_PREFERS_STRING_CATALOGS = YES;
				MTL_ENABLE_DEBUG_INFO = NO;
				MTL_FAST_MATH = YES;
				SDKROOT = iphoneos;
				SWIFT_COMPILATION_MODE = wholemodule;
				VALIDATE_PRODUCT = YES;
			};
			name = Release;
		};
		ED8E7DC42CA106B500559F66 /* Debug */ = {
			isa = XCBuildConfiguration;
			buildSettings = {
				ASSETCATALOG_COMPILER_APPICON_NAME = AppIcon;
				ASSETCATALOG_COMPILER_GLOBAL_ACCENT_COLOR_NAME = AccentColor;
				CODE_SIGN_STYLE = Automatic;
				CURRENT_PROJECT_VERSION = 1;
				DEVELOPMENT_ASSET_PATHS = "\"Tetorinu/Preview Content\"";
				DEVELOPMENT_TEAM = WFCKBPMR9P;
				ENABLE_PREVIEWS = YES;
				GENERATE_INFOPLIST_FILE = YES;
				INFOPLIST_KEY_CFBundleDisplayName = "Fall blocks";
				INFOPLIST_KEY_LSApplicationCategoryType = "public.app-category.puzzle-games";
				INFOPLIST_KEY_UIApplicationSceneManifest_Generation = YES;
				INFOPLIST_KEY_UIApplicationSupportsIndirectInputEvents = YES;
				INFOPLIST_KEY_UILaunchScreen_Generation = YES;
				INFOPLIST_KEY_UISupportedInterfaceOrientations = UIInterfaceOrientationPortrait;
				LD_RUNPATH_SEARCH_PATHS = (
					"$(inherited)",
					"@executable_path/Frameworks",
				);
				MARKETING_VERSION = 1.0;
				PRODUCT_BUNDLE_IDENTIFIER = com.nanaSoft.Tetorinu;
				PRODUCT_NAME = "$(TARGET_NAME)";
				SUPPORTED_PLATFORMS = "iphoneos iphonesimulator";
				SUPPORTS_MACCATALYST = NO;
				SUPPORTS_XR_DESIGNED_FOR_IPHONE_IPAD = NO;
				SWIFT_EMIT_LOC_STRINGS = YES;
				SWIFT_VERSION = 5.0;
				TARGETED_DEVICE_FAMILY = "1,2";
			};
			name = Debug;
		};
		ED8E7DC52CA106B500559F66 /* Release */ = {
			isa = XCBuildConfiguration;
			buildSettings = {
				ASSETCATALOG_COMPILER_APPICON_NAME = AppIcon;
				ASSETCATALOG_COMPILER_GLOBAL_ACCENT_COLOR_NAME = AccentColor;
				CODE_SIGN_STYLE = Automatic;
				CURRENT_PROJECT_VERSION = 1;
				DEVELOPMENT_ASSET_PATHS = "\"Tetorinu/Preview Content\"";
				DEVELOPMENT_TEAM = WFCKBPMR9P;
				ENABLE_PREVIEWS = YES;
				GENERATE_INFOPLIST_FILE = YES;
				INFOPLIST_KEY_CFBundleDisplayName = "Fall blocks";
				INFOPLIST_KEY_LSApplicationCategoryType = "public.app-category.puzzle-games";
				INFOPLIST_KEY_UIApplicationSceneManifest_Generation = YES;
				INFOPLIST_KEY_UIApplicationSupportsIndirectInputEvents = YES;
				INFOPLIST_KEY_UILaunchScreen_Generation = YES;
				INFOPLIST_KEY_UISupportedInterfaceOrientations = UIInterfaceOrientationPortrait;
				LD_RUNPATH_SEARCH_PATHS = (
					"$(inherited)",
					"@executable_path/Frameworks",
				);
				MARKETING_VERSION = 1.0;
				PRODUCT_BUNDLE_IDENTIFIER = com.nanaSoft.Tetorinu;
				PRODUCT_NAME = "$(TARGET_NAME)";
				SUPPORTED_PLATFORMS = "iphoneos iphonesimulator";
				SUPPORTS_MACCATALYST = NO;
				SUPPORTS_XR_DESIGNED_FOR_IPHONE_IPAD = NO;
				SWIFT_EMIT_LOC_STRINGS = YES;
				SWIFT_VERSION = 5.0;
				TARGETED_DEVICE_FAMILY = "1,2";
			};
			name = Release;
		};
		ED8E7DC72CA106B500559F66 /* Debug */ = {
			isa = XCBuildConfiguration;
			buildSettings = {
				BUNDLE_LOADER = "$(TEST_HOST)";
				CODE_SIGN_STYLE = Automatic;
				CURRENT_PROJECT_VERSION = 1;
				DEVELOPMENT_TEAM = WFCKBPMR9P;
				GENERATE_INFOPLIST_FILE = YES;
				IPHONEOS_DEPLOYMENT_TARGET = 18.0;
				MARKETING_VERSION = 1.0;
				PRODUCT_BUNDLE_IDENTIFIER = com.nanaSoft.TetorinuTests;
				PRODUCT_NAME = "$(TARGET_NAME)";
				SWIFT_EMIT_LOC_STRINGS = NO;
				SWIFT_VERSION = 5.0;
				TARGETED_DEVICE_FAMILY = "1,2";
				TEST_HOST = "$(BUILT_PRODUCTS_DIR)/Tetorinu.app/$(BUNDLE_EXECUTABLE_FOLDER_PATH)/Tetorinu";
			};
			name = Debug;
		};
		ED8E7DC82CA106B500559F66 /* Release */ = {
			isa = XCBuildConfiguration;
			buildSettings = {
				BUNDLE_LOADER = "$(TEST_HOST)";
				CODE_SIGN_STYLE = Automatic;
				CURRENT_PROJECT_VERSION = 1;
				DEVELOPMENT_TEAM = WFCKBPMR9P;
				GENERATE_INFOPLIST_FILE = YES;
				IPHONEOS_DEPLOYMENT_TARGET = 18.0;
				MARKETING_VERSION = 1.0;
				PRODUCT_BUNDLE_IDENTIFIER = com.nanaSoft.TetorinuTests;
				PRODUCT_NAME = "$(TARGET_NAME)";
				SWIFT_EMIT_LOC_STRINGS = NO;
				SWIFT_VERSION = 5.0;
				TARGETED_DEVICE_FAMILY = "1,2";
				TEST_HOST = "$(BUILT_PRODUCTS_DIR)/Tetorinu.app/$(BUNDLE_EXECUTABLE_FOLDER_PATH)/Tetorinu";
			};
			name = Release;
		};
		ED8E7DCA2CA106B500559F66 /* Debug */ = {
			isa = XCBuildConfiguration;
			buildSettings = {
				CODE_SIGN_STYLE = Automatic;
				CURRENT_PROJECT_VERSION = 1;
				DEVELOPMENT_TEAM = WFCKBPMR9P;
				GENERATE_INFOPLIST_FILE = YES;
				MARKETING_VERSION = 1.0;
				PRODUCT_BUNDLE_IDENTIFIER = com.nanaSoft.TetorinuUITests;
				PRODUCT_NAME = "$(TARGET_NAME)";
				SWIFT_EMIT_LOC_STRINGS = NO;
				SWIFT_VERSION = 5.0;
				TARGETED_DEVICE_FAMILY = "1,2";
				TEST_TARGET_NAME = Tetorinu;
			};
			name = Debug;
		};
		ED8E7DCB2CA106B500559F66 /* Release */ = {
			isa = XCBuildConfiguration;
			buildSettings = {
				CODE_SIGN_STYLE = Automatic;
				CURRENT_PROJECT_VERSION = 1;
				DEVELOPMENT_TEAM = WFCKBPMR9P;
				GENERATE_INFOPLIST_FILE = YES;
				MARKETING_VERSION = 1.0;
				PRODUCT_BUNDLE_IDENTIFIER = com.nanaSoft.TetorinuUITests;
				PRODUCT_NAME = "$(TARGET_NAME)";
				SWIFT_EMIT_LOC_STRINGS = NO;
				SWIFT_VERSION = 5.0;
				TARGETED_DEVICE_FAMILY = "1,2";
				TEST_TARGET_NAME = Tetorinu;
			};
			name = Release;
		};
/* End XCBuildConfiguration section */

/* Begin XCConfigurationList section */
		ED8E7D982CA106B400559F66 /* Build configuration list for PBXProject "Tetorinu" */ = {
			isa = XCConfigurationList;
			buildConfigurations = (
				ED8E7DC12CA106B500559F66 /* Debug */,
				ED8E7DC22CA106B500559F66 /* Release */,
			);
			defaultConfigurationIsVisible = 0;
			defaultConfigurationName = Release;
		};
		ED8E7DC32CA106B500559F66 /* Build configuration list for PBXNativeTarget "Tetorinu" */ = {
			isa = XCConfigurationList;
			buildConfigurations = (
				ED8E7DC42CA106B500559F66 /* Debug */,
				ED8E7DC52CA106B500559F66 /* Release */,
			);
			defaultConfigurationIsVisible = 0;
			defaultConfigurationName = Release;
		};
		ED8E7DC62CA106B500559F66 /* Build configuration list for PBXNativeTarget "TetorinuTests" */ = {
			isa = XCConfigurationList;
			buildConfigurations = (
				ED8E7DC72CA106B500559F66 /* Debug */,
				ED8E7DC82CA106B500559F66 /* Release */,
			);
			defaultConfigurationIsVisible = 0;
			defaultConfigurationName = Release;
		};
		ED8E7DC92CA106B500559F66 /* Build configuration list for PBXNativeTarget "TetorinuUITests" */ = {
			isa = XCConfigurationList;
			buildConfigurations = (
				ED8E7DCA2CA106B500559F66 /* Debug */,
				ED8E7DCB2CA106B500559F66 /* Release */,
			);
			defaultConfigurationIsVisible = 0;
			defaultConfigurationName = Release;
		};
/* End XCConfigurationList section */
	};
	rootObject = ED8E7D952CA106B400559F66 /* Project object */;
}
